
Microsoft Visual Studio Solution File, Format Version 12.00
# Visual Studio Version 17
VisualStudioVersion = 17.4.33213.308
MinimumVisualStudioVersion = 10.0.40219.1
Project("{FAE04EC0-301F-11D3-BF4B-00C04F79EFBC}") = "ArtisansBeadStudio", "ArtisansBeadStudio\ArtisansBeadStudio.csproj", "{1A37A707-A065-4276-B938-469B5B1E3260}"
EndProject
Global
	GlobalSection(SolutionConfigurationPlatforms) = preSolution
		Debug|Any CPU = Debug|Any CPU
		Release|Any CPU = Release|Any CPU
	EndGlobalSection
	GlobalSection(ProjectConfigurationPlatforms) = postSolution
		{1A37A707-A065-4276-B938-469B5B1E3260}.Debug|Any CPU.ActiveCfg = Debug|Any CPU
		{1A37A707-A065-4276-B938-469B5B1E3260}.Debug|Any CPU.Build.0 = Debug|Any CPU
		{1A37A707-A065-4276-B938-469B5B1E3260}.Release|Any CPU.ActiveCfg = Release|Any CPU
		{1A37A707-A065-4276-B938-469B5B1E3260}.Release|Any CPU.Build.0 = Release|Any CPU
	EndGlobalSection
	GlobalSection(SolutionProperties) = preSolution
		HideSolutionNode = FALSE
	EndGlobalSection
	GlobalSection(ExtensibilityGlobals) = postSolution
		SolutionGuid = {9BF8378B-2DA5-4635-A361-240122142886}
	EndGlobalSection
EndGlobal
